
Microsoft Visual Studio Solution File, Format Version 12.00
# Visual Studio Version 16
VisualStudioVersion = 16.0.31205.134
MinimumVisualStudioVersion = 10.0.40219.1
Project("{9A19103F-16F7-4668-BE54-9A1E7A4F7556}") = "AccountManager", "AccountManager.csproj", "{3FD2BE28-CDCE-4D3C-B152-E674B905C7C4}"
EndProject
Project("{9A19103F-16F7-4668-BE54-9A1E7A4F7556}") = "DummyAPI", "..\..\DummyAPI\src\DummyAPI.csproj", "{6E6A9EBD-9156-4548-9694-1FF296034075}"
EndProject
Global
	GlobalSection(SolutionConfigurationPlatforms) = preSolution
		Debug|Any CPU = Debug|Any CPU
		Release|Any CPU = Release|Any CPU
	EndGlobalSection
	GlobalSection(ProjectConfigurationPlatforms) = postSolution
		{3FD2BE28-CDCE-4D3C-B152-E674B905C7C4}.Debug|Any CPU.ActiveCfg = Debug|Any CPU
		{3FD2BE28-CDCE-4D3C-B152-E674B905C7C4}.Debug|Any CPU.Build.0 = Debug|Any CPU
		{3FD2BE28-CDCE-4D3C-B152-E674B905C7C4}.Release|Any CPU.ActiveCfg = Release|Any CPU
		{3FD2BE28-CDCE-4D3C-B152-E674B905C7C4}.Release|Any CPU.Build.0 = Release|Any CPU
		{6E6A9EBD-9156-4548-9694-1FF296034075}.Debug|Any CPU.ActiveCfg = Debug|Any CPU
		{6E6A9EBD-9156-4548-9694-1FF296034075}.Debug|Any CPU.Build.0 = Debug|Any CPU
		{6E6A9EBD-9156-4548-9694-1FF296034075}.Release|Any CPU.ActiveCfg = Release|Any CPU
		{6E6A9EBD-9156-4548-9694-1FF296034075}.Release|Any CPU.Build.0 = Release|Any CPU
	EndGlobalSection
	GlobalSection(SolutionProperties) = preSolution
		HideSolutionNode = FALSE
	EndGlobalSection
	GlobalSection(ExtensibilityGlobals) = postSolution
		SolutionGuid = {958AA107-0940-438D-B324-7BD58D6AB2C4}
	EndGlobalSection
EndGlobal
